lockfileVersion: '6.0'

settings:
  autoInstallPeers: true
  excludeLinksFromLockfile: false

dependencies:
  which-pm-runs:
    specifier: ^1.1.0
    version: 1.1.0

packages:

  /which-pm-runs@1.1.0:
    resolution: {integrity: sha512-n1brCuqClxfFfq/Rb0ICg9giSZqCS+pLtccdag6C2HyufBrh3fBOiy9nb6ggRMvWOVH5GrdJskj5iGTZNxd7SA==}
    engines: {node: '>=4'}
    dev: false
